// !$*UTF8*$!
{
	archiveVersion = 1;
	classes = {
	};
	objectVersion = 50;
	objects = {

/* Begin PBXBuildFile section */
		CD517B692D5882F7003EAE50 /* AppDelegate.swift in Sources */ = {isa = PBXBuildFile; fileRef = CD517B682D5882F7003EAE50 /* AppDelegate.swift */; };
		CD517B702D5882F8003EAE50 /* Assets.xcassets in Resources */ = {isa = PBXBuildFile; fileRef = CD517B6F2D5882F8003EAE50 /* Assets.xcassets */; };
		CD517B732D5882F8003EAE50 /* LaunchScreen.storyboard in Resources */ = {isa = PBXBuildFile; fileRef = CD517B712D5882F8003EAE50 /* LaunchScreen.storyboard */; };
		CD517B7F2D58855B003EAE50 /* HomeScreenViewController.swift in Sources */ = {isa = PBXBuildFile; fileRef = CD517B7E2D58855B003EAE50 /* HomeScreenViewController.swift */; };
		CD517B822D5885A4003EAE50 /* HomeScreenView.swift in Sources */ = {isa = PBXBuildFile; fileRef = CD517B812D5885A4003EAE50 /* HomeScreenView.swift */; };
		CD517B882D588642003EAE50 /* User.swift in Sources */ = {isa = PBXBuildFile; fileRef = CD517B872D588642003EAE50 /* User.swift */; };
		CD517B8A2D58865C003EAE50 /* Repository.swift in Sources */ = {isa = PBXBuildFile; fileRef = CD517B892D58865C003EAE50 /* Repository.swift */; };
		CD517B8C2D58868F003EAE50 /* ProfileDetailViewModel.swift in Sources */ = {isa = PBXBuildFile; fileRef = CD517B8B2D58868F003EAE50 /* ProfileDetailViewModel.swift */; };
		CD517B8E2D5886B7003EAE50 /* ProfileDetailView.swift in Sources */ = {isa = PBXBuildFile; fileRef = CD517B8D2D5886B7003EAE50 /* ProfileDetailView.swift */; };
		CD517B912D5886CA003EAE50 /* Cell.swift in Sources */ = {isa = PBXBuildFile; fileRef = CD517B902D5886CA003EAE50 /* Cell.swift */; };
		CD517B932D5886EF003EAE50 /* ProfileDetailViewController.swift in Sources */ = {isa = PBXBuildFile; fileRef = CD517B922D5886EF003EAE50 /* ProfileDetailViewController.swift */; };
		CD517B972D588771003EAE50 /* FetchError.swift in Sources */ = {isa = PBXBuildFile; fileRef = CD517B962D588771003EAE50 /* FetchError.swift */; };
		CD517B992D58877A003EAE50 /* ViewCode.swift in Sources */ = {isa = PBXBuildFile; fileRef = CD517B982D58877A003EAE50 /* ViewCode.swift */; };
/* End PBXBuildFile section */

/* Begin PBXFileReference section */
		CD517B652D5882F7003EAE50 /* AgileTV-mobileTest.app */ = {isa = PBXFileReference; explicitFileType = wrapper.application; includeInIndex = 0; path = "AgileTV-mobileTest.app"; sourceTree = BUILT_PRODUCTS_DIR; };
		CD517B682D5882F7003EAE50 /* AppDelegate.swift */ = {isa = PBXFileReference; lastKnownFileType = sourcecode.swift; path = AppDelegate.swift; sourceTree = "<group>"; };
		CD517B6F2D5882F8003EAE50 /* Assets.xcassets */ = {isa = PBXFileReference; lastKnownFileType = folder.assetcatalog; path = Assets.xcassets; sourceTree = "<group>"; };
		CD517B722D5882F8003EAE50 /* Base */ = {isa = PBXFileReference; lastKnownFileType = file.storyboard; name = Base; path = Base.lproj/LaunchScreen.storyboard; sourceTree = "<group>"; };
		CD517B742D5882F8003EAE50 /* Info.plist */ = {isa = PBXFileReference; lastKnownFileType = text.plist.xml; path = Info.plist; sourceTree = "<group>"; };
		CD517B7E2D58855B003EAE50 /* HomeScreenViewController.swift */ = {isa = PBXFileReference; lastKnownFileType = sourcecode.swift; path = HomeScreenViewController.swift; sourceTree = "<group>"; };
		CD517B812D5885A4003EAE50 /* HomeScreenView.swift */ = {isa = PBXFileReference; lastKnownFileType = sourcecode.swift; path = HomeScreenView.swift; sourceTree = "<group>"; };
		CD517B872D588642003EAE50 /* User.swift */ = {isa = PBXFileReference; lastKnownFileType = sourcecode.swift; path = User.swift; sourceTree = "<group>"; };
		CD517B892D58865C003EAE50 /* Repository.swift */ = {isa = PBXFileReference; lastKnownFileType = sourcecode.swift; path = Repository.swift; sourceTree = "<group>"; };
		CD517B8B2D58868F003EAE50 /* ProfileDetailViewModel.swift */ = {isa = PBXFileReference; lastKnownFileType = sourcecode.swift; path = ProfileDetailViewModel.swift; sourceTree = "<group>"; };
		CD517B8D2D5886B7003EAE50 /* ProfileDetailView.swift */ = {isa = PBXFileReference; lastKnownFileType = sourcecode.swift; path = ProfileDetailView.swift; sourceTree = "<group>"; };
		CD517B902D5886CA003EAE50 /* Cell.swift */ = {isa = PBXFileReference; lastKnownFileType = sourcecode.swift; path = Cell.swift; sourceTree = "<group>"; };
		CD517B922D5886EF003EAE50 /* ProfileDetailViewController.swift */ = {isa = PBXFileReference; lastKnownFileType = sourcecode.swift; path = ProfileDetailViewController.swift; sourceTree = "<group>"; };
		CD517B962D588771003EAE50 /* FetchError.swift */ = {isa = PBXFileReference; lastKnownFileType = sourcecode.swift; path = FetchError.swift; sourceTree = "<group>"; };
		CD517B982D58877A003EAE50 /* ViewCode.swift */ = {isa = PBXFileReference; lastKnownFileType = sourcecode.swift; path = ViewCode.swift; sourceTree = "<group>"; };
/* End PBXFileReference section */

/* Begin PBXFrameworksBuildPhase section */
		CD517B622D5882F7003EAE50 /* Frameworks */ = {
			isa = PBXFrameworksBuildPhase;
			buildActionMask = 2147483647;
			files = (
			);
			runOnlyForDeploymentPostprocessing = 0;
		};
/* End PBXFrameworksBuildPhase section */

/* Begin PBXGroup section */
		CD517B5C2D5882F7003EAE50 = {
			isa = PBXGroup;
			children = (
				CD517B672D5882F7003EAE50 /* AgileTV-mobileTest */,
				CD517B662D5882F7003EAE50 /* Products */,
			);
			sourceTree = "<group>";
		};
		CD517B662D5882F7003EAE50 /* Products */ = {
			isa = PBXGroup;
			children = (
				CD517B652D5882F7003EAE50 /* AgileTV-mobileTest.app */,
			);
			name = Products;
			sourceTree = "<group>";
		};
		CD517B672D5882F7003EAE50 /* AgileTV-mobileTest */ = {
			isa = PBXGroup;
			children = (
				CD517B7A2D588368003EAE50 /* App */,
				CD517B7D2D588544003EAE50 /* HomeScreen */,
				CD517B832D588609003EAE50 /* ProfileDetail */,
				CD517B952D588753003EAE50 /* Utilities */,
				CD517B6F2D5882F8003EAE50 /* Assets.xcassets */,
			);
			path = "AgileTV-mobileTest";
			sourceTree = "<group>";
		};
		CD517B7A2D588368003EAE50 /* App */ = {
			isa = PBXGroup;
			children = (
				CD517B682D5882F7003EAE50 /* AppDelegate.swift */,
				CD517B712D5882F8003EAE50 /* LaunchScreen.storyboard */,
				CD517B742D5882F8003EAE50 /* Info.plist */,
			);
			path = App;
			sourceTree = "<group>";
		};
		CD517B7D2D588544003EAE50 /* HomeScreen */ = {
			isa = PBXGroup;
			children = (
				CD517B802D588563003EAE50 /* View */,
				CD517B7E2D58855B003EAE50 /* HomeScreenViewController.swift */,
			);
			path = HomeScreen;
			sourceTree = "<group>";
		};
		CD517B802D588563003EAE50 /* View */ = {
			isa = PBXGroup;
			children = (
				CD517B812D5885A4003EAE50 /* HomeScreenView.swift */,
			);
			path = View;
			sourceTree = "<group>";
		};
		CD517B832D588609003EAE50 /* ProfileDetail */ = {
			isa = PBXGroup;
			children = (
				CD517B862D58862E003EAE50 /* Model */,
				CD517B852D588618003EAE50 /* ViewModel */,
				CD517B842D588612003EAE50 /* View */,
				CD517B922D5886EF003EAE50 /* ProfileDetailViewController.swift */,
			);
			path = ProfileDetail;
			sourceTree = "<group>";
		};
		CD517B842D588612003EAE50 /* View */ = {
			isa = PBXGroup;
			children = (
				CD517B8F2D5886BC003EAE50 /* Components */,
				CD517B8D2D5886B7003EAE50 /* ProfileDetailView.swift */,
			);
			path = View;
			sourceTree = "<group>";
		};
		CD517B852D588618003EAE50 /* ViewModel */ = {
			isa = PBXGroup;
			children = (
				CD517B8B2D58868F003EAE50 /* ProfileDetailViewModel.swift */,
			);
			path = ViewModel;
			sourceTree = "<group>";
		};
		CD517B862D58862E003EAE50 /* Model */ = {
			isa = PBXGroup;
			children = (
				CD517B872D588642003EAE50 /* User.swift */,
				CD517B892D58865C003EAE50 /* Repository.swift */,
			);
			path = Model;
			sourceTree = "<group>";
		};
		CD517B8F2D5886BC003EAE50 /* Components */ = {
			isa = PBXGroup;
			children = (
				CD517B902D5886CA003EAE50 /* Cell.swift */,
			);
			path = Components;
			sourceTree = "<group>";
		};
		CD517B952D588753003EAE50 /* Utilities */ = {
			isa = PBXGroup;
			children = (
				CD517B962D588771003EAE50 /* FetchError.swift */,
				CD517B982D58877A003EAE50 /* ViewCode.swift */,
			);
			path = Utilities;
			sourceTree = "<group>";
		};
/* End PBXGroup section */

/* Begin PBXNativeTarget section */
		CD517B642D5882F7003EAE50 /* AgileTV-mobileTest */ = {
			isa = PBXNativeTarget;
			buildConfigurationList = CD517B772D5882F8003EAE50 /* Build configuration list for PBXNativeTarget "AgileTV-mobileTest" */;
			buildPhases = (
				CD517B612D5882F7003EAE50 /* Sources */,
				CD517B622D5882F7003EAE50 /* Frameworks */,
				CD517B632D5882F7003EAE50 /* Resources */,
			);
			buildRules = (
			);
			dependencies = (
			);
			name = "AgileTV-mobileTest";
			productName = "AgileTV-mobileTest";
			productReference = CD517B652D5882F7003EAE50 /* AgileTV-mobileTest.app */;
			productType = "com.apple.product-type.application";
		};
/* End PBXNativeTarget section */

/* Begin PBXProject section */
		CD517B5D2D5882F7003EAE50 /* Project object */ = {
			isa = PBXProject;
			attributes = {
				LastSwiftUpdateCheck = 0940;
				LastUpgradeCheck = 0940;
				ORGANIZATIONNAME = Enrique;
				TargetAttributes = {
					CD517B642D5882F7003EAE50 = {
						CreatedOnToolsVersion = 9.4.1;
					};
				};
			};
			buildConfigurationList = CD517B602D5882F7003EAE50 /* Build configuration list for PBXProject "AgileTV-mobileTest" */;
			compatibilityVersion = "Xcode 9.3";
			developmentRegion = en;
			hasScannedForEncodings = 0;
			knownRegions = (
				en,
				Base,
			);
			mainGroup = CD517B5C2D5882F7003EAE50;
			productRefGroup = CD517B662D5882F7003EAE50 /* Products */;
			projectDirPath = "";
			projectRoot = "";
			targets = (
				CD517B642D5882F7003EAE50 /* AgileTV-mobileTest */,
			);
		};
/* End PBXProject section */

/* Begin PBXResourcesBuildPhase section */
		CD517B632D5882F7003EAE50 /* Resources */ = {
			isa = PBXResourcesBuildPhase;
			buildActionMask = 2147483647;
			files = (
				CD517B732D5882F8003EAE50 /* LaunchScreen.storyboard in Resources */,
				CD517B702D5882F8003EAE50 /* Assets.xcassets in Resources */,
			);
			runOnlyForDeploymentPostprocessing = 0;
		};
/* End PBXResourcesBuildPhase section */

/* Begin PBXSourcesBuildPhase section */
		CD517B612D5882F7003EAE50 /* Sources */ = {
			isa = PBXSourcesBuildPhase;
			buildActionMask = 2147483647;
			files = (
				CD517B882D588642003EAE50 /* User.swift in Sources */,
				CD517B932D5886EF003EAE50 /* ProfileDetailViewController.swift in Sources */,
				CD517B822D5885A4003EAE50 /* HomeScreenView.swift in Sources */,
				CD517B8A2D58865C003EAE50 /* Repository.swift in Sources */,
				CD517B8C2D58868F003EAE50 /* ProfileDetailViewModel.swift in Sources */,
				CD517B8E2D5886B7003EAE50 /* ProfileDetailView.swift in Sources */,
				CD517B912D5886CA003EAE50 /* Cell.swift in Sources */,
				CD517B972D588771003EAE50 /* FetchError.swift in Sources */,
				CD517B992D58877A003EAE50 /* ViewCode.swift in Sources */,
				CD517B692D5882F7003EAE50 /* AppDelegate.swift in Sources */,
				CD517B7F2D58855B003EAE50 /* HomeScreenViewController.swift in Sources */,
			);
			runOnlyForDeploymentPostprocessing = 0;
		};
/* End PBXSourcesBuildPhase section */

/* Begin PBXVariantGroup section */
		CD517B712D5882F8003EAE50 /* LaunchScreen.storyboard */ = {
			isa = PBXVariantGroup;
			children = (
				CD517B722D5882F8003EAE50 /* Base */,
			);
			name = LaunchScreen.storyboard;
			sourceTree = "<group>";
		};
/* End PBXVariantGroup section */

/* Begin XCBuildConfiguration section */
		CD517B752D5882F8003EAE50 /* Debug */ = {
			isa = XCBuildConfiguration;
			buildSettings = {
				ALWAYS_SEARCH_USER_PATHS = NO;
				CLANG_ANALYZER_NONNULL = YES;
				CLANG_ANALYZER_NUMBER_OBJECT_CONVERSION = YES_AGGRESSIVE;
				CLANG_CXX_LANGUAGE_STANDARD = "gnu++14";
				CLANG_CXX_LIBRARY = "libc++";
				CLANG_ENABLE_MODULES = YES;
				CLANG_ENABLE_OBJC_ARC = YES;
				CLANG_ENABLE_OBJC_WEAK = YES;
				CLANG_WARN_BLOCK_CAPTURE_AUTORELEASING = YES;
				CLANG_WARN_BOOL_CONVERSION = YES;
				CLANG_WARN_COMMA = YES;
				CLANG_WARN_CONSTANT_CONVERSION = YES;
				CLANG_WARN_DEPRECATED_OBJC_IMPLEMENTATIONS = YES;
				CLANG_WARN_DIRECT_OBJC_ISA_USAGE = YES_ERROR;
				CLANG_WARN_DOCUMENTATION_COMMENTS = YES;
				CLANG_WARN_EMPTY_BODY = YES;
				CLANG_WARN_ENUM_CONVERSION = YES;
				CLANG_WARN_INFINITE_RECURSION = YES;
				CLANG_WARN_INT_CONVERSION = YES;
				CLANG_WARN_NON_LITERAL_NULL_CONVERSION = YES;
				CLANG_WARN_OBJC_IMPLICIT_RETAIN_SELF = YES;
				CLANG_WARN_OBJC_LITERAL_CONVERSION = YES;
				CLANG_WARN_OBJC_ROOT_CLASS = YES_ERROR;
				CLANG_WARN_RANGE_LOOP_ANALYSIS = YES;
				CLANG_WARN_STRICT_PROTOTYPES = YES;
				CLANG_WARN_SUSPICIOUS_MOVE = YES;
				CLANG_WARN_UNGUARDED_AVAILABILITY = YES_AGGRESSIVE;
				CLANG_WARN_UNREACHABLE_CODE = YES;
				CLANG_WARN__DUPLICATE_METHOD_MATCH = YES;
				CODE_SIGN_IDENTITY = "iPhone Developer";
				COPY_PHASE_STRIP = NO;
				DEBUG_INFORMATION_FORMAT = dwarf;
				ENABLE_STRICT_OBJC_MSGSEND = YES;
				ENABLE_TESTABILITY = YES;
				GCC_C_LANGUAGE_STANDARD = gnu11;
				GCC_DYNAMIC_NO_PIC = NO;
				GCC_NO_COMMON_BLOCKS = YES;
				GCC_OPTIMIZATION_LEVEL = 0;
				GCC_PREPROCESSOR_DEFINITIONS = (
					"DEBUG=1",
					"$(inherited)",
				);
				GCC_WARN_64_TO_32_BIT_CONVERSION = YES;
				GCC_WARN_ABOUT_RETURN_TYPE = YES_ERROR;
				GCC_WARN_UNDECLARED_SELECTOR = YES;
				GCC_WARN_UNINITIALIZED_AUTOS = YES_AGGRESSIVE;
				GCC_WARN_UNUSED_FUNCTION = YES;
				GCC_WARN_UNUSED_VARIABLE = YES;
				IPHONEOS_DEPLOYMENT_TARGET = 11.4;
				MTL_ENABLE_DEBUG_INFO = YES;
				ONLY_ACTIVE_ARCH = YES;
				SDKROOT = iphoneos;
				SWIFT_ACTIVE_COMPILATION_CONDITIONS = DEBUG;
				SWIFT_OPTIMIZATION_LEVEL = "-Onone";
			};
			name = Debug;
		};
		CD517B762D5882F8003EAE50 /* Release */ = {
			isa = XCBuildConfiguration;
			buildSettings = {
				ALWAYS_SEARCH_USER_PATHS = NO;
				CLANG_ANALYZER_NONNULL = YES;
				CLANG_ANALYZER_NUMBER_OBJECT_CONVERSION = YES_AGGRESSIVE;
				CLANG_CXX_LANGUAGE_STANDARD = "gnu++14";
				CLANG_CXX_LIBRARY = "libc++";
				CLANG_ENABLE_MODULES = YES;
				CLANG_ENABLE_OBJC_ARC = YES;
				CLANG_ENABLE_OBJC_WEAK = YES;
				CLANG_WARN_BLOCK_CAPTURE_AUTORELEASING = YES;
				CLANG_WARN_BOOL_CONVERSION = YES;
				CLANG_WARN_COMMA = YES;
				CLANG_WARN_CONSTANT_CONVERSION = YES;
				CLANG_WARN_DEPRECATED_OBJC_IMPLEMENTATIONS = YES;
				CLANG_WARN_DIRECT_OBJC_ISA_USAGE = YES_ERROR;
				CLANG_WARN_DOCUMENTATION_COMMENTS = YES;
				CLANG_WARN_EMPTY_BODY = YES;
				CLANG_WARN_ENUM_CONVERSION = YES;
				CLANG_WARN_INFINITE_RECURSION = YES;
				CLANG_WARN_INT_CONVERSION = YES;
				CLANG_WARN_NON_LITERAL_NULL_CONVERSION = YES;
				CLANG_WARN_OBJC_IMPLICIT_RETAIN_SELF = YES;
				CLANG_WARN_OBJC_LITERAL_CONVERSION = YES;
				CLANG_WARN_OBJC_ROOT_CLASS = YES_ERROR;
				CLANG_WARN_RANGE_LOOP_ANALYSIS = YES;
				CLANG_WARN_STRICT_PROTOTYPES = YES;
				CLANG_WARN_SUSPICIOUS_MOVE = YES;
				CLANG_WARN_UNGUARDED_AVAILABILITY = YES_AGGRESSIVE;
				CLANG_WARN_UNREACHABLE_CODE = YES;
				CLANG_WARN__DUPLICATE_METHOD_MATCH = YES;
				CODE_SIGN_IDENTITY = "iPhone Developer";
				COPY_PHASE_STRIP = NO;
				DEBUG_INFORMATION_FORMAT = "dwarf-with-dsym";
				ENABLE_NS_ASSERTIONS = NO;
				ENABLE_STRICT_OBJC_MSGSEND = YES;
				GCC_C_LANGUAGE_STANDARD = gnu11;
				GCC_NO_COMMON_BLOCKS = YES;
				GCC_WARN_64_TO_32_BIT_CONVERSION = YES;
				GCC_WARN_ABOUT_RETURN_TYPE = YES_ERROR;
				GCC_WARN_UNDECLARED_SELECTOR = YES;
				GCC_WARN_UNINITIALIZED_AUTOS = YES_AGGRESSIVE;
				GCC_WARN_UNUSED_FUNCTION = YES;
				GCC_WARN_UNUSED_VARIABLE = YES;
				IPHONEOS_DEPLOYMENT_TARGET = 11.4;
				MTL_ENABLE_DEBUG_INFO = NO;
				SDKROOT = iphoneos;
				SWIFT_COMPILATION_MODE = wholemodule;
				SWIFT_OPTIMIZATION_LEVEL = "-O";
				VALIDATE_PRODUCT = YES;
			};
			name = Release;
		};
		CD517B782D5882F8003EAE50 /* Debug */ = {
			isa = XCBuildConfiguration;
			buildSettings = {
				ASSETCATALOG_COMPILER_APPICON_NAME = AppIcon;
				CODE_SIGN_STYLE = Automatic;
				DEVELOPMENT_TEAM = HX623XK8T6;
				INFOPLIST_FILE = "AgileTV-mobileTest/App/Info.plist";
				LD_RUNPATH_SEARCH_PATHS = (
					"$(inherited)",
					"@executable_path/Frameworks",
				);
				PRODUCT_BUNDLE_IDENTIFIER = "EnriqueCarvalho.AgileTV-mobileTest";
				PRODUCT_NAME = "$(TARGET_NAME)";
				SWIFT_VERSION = 3.0;
				TARGETED_DEVICE_FAMILY = "1,2";
			};
			name = Debug;
		};
		CD517B792D5882F8003EAE50 /* Release */ = {
			isa = XCBuildConfiguration;
			buildSettings = {
				ASSETCATALOG_COMPILER_APPICON_NAME = AppIcon;
				CODE_SIGN_STYLE = Automatic;
				DEVELOPMENT_TEAM = HX623XK8T6;
				INFOPLIST_FILE = "AgileTV-mobileTest/App/Info.plist";
				LD_RUNPATH_SEARCH_PATHS = (
					"$(inherited)",
					"@executable_path/Frameworks",
				);
				PRODUCT_BUNDLE_IDENTIFIER = "EnriqueCarvalho.AgileTV-mobileTest";
				PRODUCT_NAME = "$(TARGET_NAME)";
				SWIFT_VERSION = 3.0;
				TARGETED_DEVICE_FAMILY = "1,2";
			};
			name = Release;
		};
/* End XCBuildConfiguration section */

/* Begin XCConfigurationList section */
		CD517B602D5882F7003EAE50 /* Build configuration list for PBXProject "AgileTV-mobileTest" */ = {
			isa = XCConfigurationList;
			buildConfigurations = (
				CD517B752D5882F8003EAE50 /* Debug */,
				CD517B762D5882F8003EAE50 /* Release */,
			);
			defaultConfigurationIsVisible = 0;
			defaultConfigurationName = Release;
		};
		CD517B772D5882F8003EAE50 /* Build configuration list for PBXNativeTarget "AgileTV-mobileTest" */ = {
			isa = XCConfigurationList;
			buildConfigurations = (
				CD517B782D5882F8003EAE50 /* Debug */,
				CD517B792D5882F8003EAE50 /* Release */,
			);
			defaultConfigurationIsVisible = 0;
			defaultConfigurationName = Release;
		};
/* End XCConfigurationList section */
	};
	rootObject = CD517B5D2D5882F7003EAE50 /* Project object */;
}
